
Microsoft Visual Studio Solution File, Format Version 12.00
# Visual Studio 15
VisualStudioVersion = 15.0.28307.2092
MinimumVisualStudioVersion = 10.0.40219.1
Project("{FAE04EC0-301F-11D3-BF4B-00C04F79EFBC}") = "TimerApp", "TimerApp\TimerApp.csproj", "{FDA17504-3201-4DB6-A1E5-81B65118C5A8}"
EndProject
Global
	GlobalSection(SolutionConfigurationPlatforms) = preSolution
		Debug|Any CPU = Debug|Any CPU
		Release|Any CPU = Release|Any CPU
	EndGlobalSection
	GlobalSection(ProjectConfigurationPlatforms) = postSolution
		{FDA17504-3201-4DB6-A1E5-81B65118C5A8}.Debug|Any CPU.ActiveCfg = Debug|Any CPU
		{FDA17504-3201-4DB6-A1E5-81B65118C5A8}.Debug|Any CPU.Build.0 = Debug|Any CPU
		{FDA17504-3201-4DB6-A1E5-81B65118C5A8}.Release|Any CPU.ActiveCfg = Release|Any CPU
		{FDA17504-3201-4DB6-A1E5-81B65118C5A8}.Release|Any CPU.Build.0 = Release|Any CPU
	EndGlobalSection
	GlobalSection(SolutionProperties) = preSolution
		HideSolutionNode = FALSE
	EndGlobalSection
	GlobalSection(ExtensibilityGlobals) = postSolution
		SolutionGuid = {649A7995-357F-4C55-BE6E-71444DD7CB54}
	EndGlobalSection
EndGlobal
